// !$*UTF8*$!
{
	archiveVersion = 1;
	classes = {
	};
	objectVersion = 50;
	objects = {

/* Begin PBXBuildFile section */
		DEF371CE247E0C7000674E2E /* AppDelegate.swift in Sources */ = {isa = PBXBuildFile; fileRef = DEF371CD247E0C7000674E2E /* AppDelegate.swift */; };
		DEF371D0247E0C7000674E2E /* SceneDelegate.swift in Sources */ = {isa = PBXBuildFile; fileRef = DEF371CF247E0C7000674E2E /* SceneDelegate.swift */; };
		DEF371D7247E0C7300674E2E /* Assets.xcassets in Resources */ = {isa = PBXBuildFile; fileRef = DEF371D6247E0C7300674E2E /* Assets.xcassets */; };
		DEF371DA247E0C7300674E2E /* LaunchScreen.storyboard in Resources */ = {isa = PBXBuildFile; fileRef = DEF371D8247E0C7300674E2E /* LaunchScreen.storyboard */; };
		DEF371E6247E0CE700674E2E /* ViewController.swift in Sources */ = {isa = PBXBuildFile; fileRef = DEF371E4247E0CE700674E2E /* ViewController.swift */; };
		DEF371E7247E0CE700674E2E /* ViewController.xib in Resources */ = {isa = PBXBuildFile; fileRef = DEF371E5247E0CE700674E2E /* ViewController.xib */; };
		DEF371EC247E0DA500674E2E /* Vehicle.swift in Sources */ = {isa = PBXBuildFile; fileRef = DEF371EB247E0DA500674E2E /* Vehicle.swift */; };
		DEF371EF247E0F5000674E2E /* CarTableViewCell.swift in Sources */ = {isa = PBXBuildFile; fileRef = DEF371ED247E0F5000674E2E /* CarTableViewCell.swift */; };
		DEF371F0247E0F5000674E2E /* CarTableViewCell.xib in Resources */ = {isa = PBXBuildFile; fileRef = DEF371EE247E0F5000674E2E /* CarTableViewCell.xib */; };
		DEF371F5247E0F6C00674E2E /* BikeTableViewCell.swift in Sources */ = {isa = PBXBuildFile; fileRef = DEF371F3247E0F6C00674E2E /* BikeTableViewCell.swift */; };
		DEF371F6247E0F6C00674E2E /* BikeTableViewCell.xib in Resources */ = {isa = PBXBuildFile; fileRef = DEF371F4247E0F6C00674E2E /* BikeTableViewCell.xib */; };
		DEF371FA247E0F7A00674E2E /* MotoTableViewCell.swift in Sources */ = {isa = PBXBuildFile; fileRef = DEF371F8247E0F7A00674E2E /* MotoTableViewCell.swift */; };
		DEF371FB247E0F7A00674E2E /* MotoTableViewCell.xib in Resources */ = {isa = PBXBuildFile; fileRef = DEF371F9247E0F7A00674E2E /* MotoTableViewCell.xib */; };
/* End PBXBuildFile section */

/* Begin PBXFileReference section */
		DEF371CA247E0C7000674E2E /* MultipleCellTableView.app */ = {isa = PBXFileReference; explicitFileType = wrapper.application; includeInIndex = 0; path = MultipleCellTableView.app; sourceTree = BUILT_PRODUCTS_DIR; };
		DEF371CD247E0C7000674E2E /* AppDelegate.swift */ = {isa = PBXFileReference; lastKnownFileType = sourcecode.swift; path = AppDelegate.swift; sourceTree = "<group>"; };
		DEF371CF247E0C7000674E2E /* SceneDelegate.swift */ = {isa = PBXFileReference; lastKnownFileType = sourcecode.swift; path = SceneDelegate.swift; sourceTree = "<group>"; };
		DEF371D6247E0C7300674E2E /* Assets.xcassets */ = {isa = PBXFileReference; lastKnownFileType = folder.assetcatalog; path = Assets.xcassets; sourceTree = "<group>"; };
		DEF371D9247E0C7300674E2E /* Base */ = {isa = PBXFileReference; lastKnownFileType = file.storyboard; name = Base; path = Base.lproj/LaunchScreen.storyboard; sourceTree = "<group>"; };
		DEF371DB247E0C7300674E2E /* Info.plist */ = {isa = PBXFileReference; lastKnownFileType = text.plist.xml; path = Info.plist; sourceTree = "<group>"; };
		DEF371E4247E0CE700674E2E /* ViewController.swift */ = {isa = PBXFileReference; lastKnownFileType = sourcecode.swift; path = ViewController.swift; sourceTree = "<group>"; };
		DEF371E5247E0CE700674E2E /* ViewController.xib */ = {isa = PBXFileReference; lastKnownFileType = file.xib; path = ViewController.xib; sourceTree = "<group>"; };
		DEF371EB247E0DA500674E2E /* Vehicle.swift */ = {isa = PBXFileReference; lastKnownFileType = sourcecode.swift; path = Vehicle.swift; sourceTree = "<group>"; };
		DEF371ED247E0F5000674E2E /* CarTableViewCell.swift */ = {isa = PBXFileReference; lastKnownFileType = sourcecode.swift; path = CarTableViewCell.swift; sourceTree = "<group>"; };
		DEF371EE247E0F5000674E2E /* CarTableViewCell.xib */ = {isa = PBXFileReference; lastKnownFileType = file.xib; path = CarTableViewCell.xib; sourceTree = "<group>"; };
		DEF371F3247E0F6C00674E2E /* BikeTableViewCell.swift */ = {isa = PBXFileReference; lastKnownFileType = sourcecode.swift; path = BikeTableViewCell.swift; sourceTree = "<group>"; };
		DEF371F4247E0F6C00674E2E /* BikeTableViewCell.xib */ = {isa = PBXFileReference; lastKnownFileType = file.xib; path = BikeTableViewCell.xib; sourceTree = "<group>"; };
		DEF371F8247E0F7A00674E2E /* MotoTableViewCell.swift */ = {isa = PBXFileReference; lastKnownFileType = sourcecode.swift; path = MotoTableViewCell.swift; sourceTree = "<group>"; };
		DEF371F9247E0F7A00674E2E /* MotoTableViewCell.xib */ = {isa = PBXFileReference; lastKnownFileType = file.xib; path = MotoTableViewCell.xib; sourceTree = "<group>"; };
/* End PBXFileReference section */

/* Begin PBXFrameworksBuildPhase section */
		DEF371C7247E0C7000674E2E /* Frameworks */ = {
			isa = PBXFrameworksBuildPhase;
			buildActionMask = 2147483647;
			files = (
			);
			runOnlyForDeploymentPostprocessing = 0;
		};
/* End PBXFrameworksBuildPhase section */

/* Begin PBXGroup section */
		DEF371C1247E0C7000674E2E = {
			isa = PBXGroup;
			children = (
				DEF371CC247E0C7000674E2E /* MultipleCellTableView */,
				DEF371CB247E0C7000674E2E /* Products */,
			);
			sourceTree = "<group>";
		};
		DEF371CB247E0C7000674E2E /* Products */ = {
			isa = PBXGroup;
			children = (
				DEF371CA247E0C7000674E2E /* MultipleCellTableView.app */,
			);
			name = Products;
			sourceTree = "<group>";
		};
		DEF371CC247E0C7000674E2E /* MultipleCellTableView */ = {
			isa = PBXGroup;
			children = (
				DEF371EA247E0D8300674E2E /* Model */,
				DEF371E8247E0CEE00674E2E /* View */,
				DEF371E3247E0CD800674E2E /* View Controller */,
				DEF371E1247E0CC000674E2E /* App Delegate */,
				DEF371E2247E0CC900674E2E /* Assets */,
				DEF371DB247E0C7300674E2E /* Info.plist */,
			);
			path = MultipleCellTableView;
			sourceTree = "<group>";
		};
		DEF371E1247E0CC000674E2E /* App Delegate */ = {
			isa = PBXGroup;
			children = (
				DEF371CD247E0C7000674E2E /* AppDelegate.swift */,
				DEF371CF247E0C7000674E2E /* SceneDelegate.swift */,
			);
			path = "App Delegate";
			sourceTree = "<group>";
		};
		DEF371E2247E0CC900674E2E /* Assets */ = {
			isa = PBXGroup;
			children = (
				DEF371D6247E0C7300674E2E /* Assets.xcassets */,
				DEF371D8247E0C7300674E2E /* LaunchScreen.storyboard */,
			);
			path = Assets;
			sourceTree = "<group>";
		};
		DEF371E3247E0CD800674E2E /* View Controller */ = {
			isa = PBXGroup;
			children = (
				DEF371E4247E0CE700674E2E /* ViewController.swift */,
				DEF371E5247E0CE700674E2E /* ViewController.xib */,
			);
			path = "View Controller";
			sourceTree = "<group>";
		};
		DEF371E8247E0CEE00674E2E /* View */ = {
			isa = PBXGroup;
			children = (
				DEF371E9247E0CF400674E2E /* Cell */,
			);
			path = View;
			sourceTree = "<group>";
		};
		DEF371E9247E0CF400674E2E /* Cell */ = {
			isa = PBXGroup;
			children = (
				DEF371F7247E0F6F00674E2E /* Moto */,
				DEF371F2247E0F5E00674E2E /* Bike */,
				DEF371F1247E0F5600674E2E /* Car */,
			);
			path = Cell;
			sourceTree = "<group>";
		};
		DEF371EA247E0D8300674E2E /* Model */ = {
			isa = PBXGroup;
			children = (
				DEF371EB247E0DA500674E2E /* Vehicle.swift */,
			);
			path = Model;
			sourceTree = "<group>";
		};
		DEF371F1247E0F5600674E2E /* Car */ = {
			isa = PBXGroup;
			children = (
				DEF371ED247E0F5000674E2E /* CarTableViewCell.swift */,
				DEF371EE247E0F5000674E2E /* CarTableViewCell.xib */,
			);
			path = Car;
			sourceTree = "<group>";
		};
		DEF371F2247E0F5E00674E2E /* Bike */ = {
			isa = PBXGroup;
			children = (
				DEF371F3247E0F6C00674E2E /* BikeTableViewCell.swift */,
				DEF371F4247E0F6C00674E2E /* BikeTableViewCell.xib */,
			);
			path = Bike;
			sourceTree = "<group>";
		};
		DEF371F7247E0F6F00674E2E /* Moto */ = {
			isa = PBXGroup;
			children = (
				DEF371F8247E0F7A00674E2E /* MotoTableViewCell.swift */,
				DEF371F9247E0F7A00674E2E /* MotoTableViewCell.xib */,
			);
			path = Moto;
			sourceTree = "<group>";
		};
/* End PBXGroup section */

/* Begin PBXNativeTarget section */
		DEF371C9247E0C7000674E2E /* MultipleCellTableView */ = {
			isa = PBXNativeTarget;
			buildConfigurationList = DEF371DE247E0C7300674E2E /* Build configuration list for PBXNativeTarget "MultipleCellTableView" */;
			buildPhases = (
				DEF371C6247E0C7000674E2E /* Sources */,
				DEF371C7247E0C7000674E2E /* Frameworks */,
				DEF371C8247E0C7000674E2E /* Resources */,
			);
			buildRules = (
			);
			dependencies = (
			);
			name = MultipleCellTableView;
			productName = MultipleCellTableView;
			productReference = DEF371CA247E0C7000674E2E /* MultipleCellTableView.app */;
			productType = "com.apple.product-type.application";
		};
/* End PBXNativeTarget section */

/* Begin PBXProject section */
		DEF371C2247E0C7000674E2E /* Project object */ = {
			isa = PBXProject;
			attributes = {
				LastSwiftUpdateCheck = 1140;
				LastUpgradeCheck = 1140;
				ORGANIZATIONNAME = "Fabrício Masiero";
				TargetAttributes = {
					DEF371C9247E0C7000674E2E = {
						CreatedOnToolsVersion = 11.4;
					};
				};
			};
			buildConfigurationList = DEF371C5247E0C7000674E2E /* Build configuration list for PBXProject "MultipleCellTableView" */;
			compatibilityVersion = "Xcode 9.3";
			developmentRegion = en;
			hasScannedForEncodings = 0;
			knownRegions = (
				en,
				Base,
			);
			mainGroup = DEF371C1247E0C7000674E2E;
			productRefGroup = DEF371CB247E0C7000674E2E /* Products */;
			projectDirPath = "";
			projectRoot = "";
			targets = (
				DEF371C9247E0C7000674E2E /* MultipleCellTableView */,
			);
		};
/* End PBXProject section */

/* Begin PBXResourcesBuildPhase section */
		DEF371C8247E0C7000674E2E /* Resources */ = {
			isa = PBXResourcesBuildPhase;
			buildActionMask = 2147483647;
			files = (
				DEF371FB247E0F7A00674E2E /* MotoTableViewCell.xib in Resources */,
				DEF371DA247E0C7300674E2E /* LaunchScreen.storyboard in Resources */,
				DEF371E7247E0CE700674E2E /* ViewController.xib in Resources */,
				DEF371F0247E0F5000674E2E /* CarTableViewCell.xib in Resources */,
				DEF371D7247E0C7300674E2E /* Assets.xcassets in Resources */,
				DEF371F6247E0F6C00674E2E /* BikeTableViewCell.xib in Resources */,
			);
			runOnlyForDeploymentPostprocessing = 0;
		};
/* End PBXResourcesBuildPhase section */

/* Begin PBXSourcesBuildPhase section */
		DEF371C6247E0C7000674E2E /* Sources */ = {
			isa = PBXSourcesBuildPhase;
			buildActionMask = 2147483647;
			files = (
				DEF371FA247E0F7A00674E2E /* MotoTableViewCell.swift in Sources */,
				DEF371EC247E0DA500674E2E /* Vehicle.swift in Sources */,
				DEF371E6247E0CE700674E2E /* ViewController.swift in Sources */,
				DEF371F5247E0F6C00674E2E /* BikeTableViewCell.swift in Sources */,
				DEF371CE247E0C7000674E2E /* AppDelegate.swift in Sources */,
				DEF371D0247E0C7000674E2E /* SceneDelegate.swift in Sources */,
				DEF371EF247E0F5000674E2E /* CarTableViewCell.swift in Sources */,
			);
			runOnlyForDeploymentPostprocessing = 0;
		};
/* End PBXSourcesBuildPhase section */

/* Begin PBXVariantGroup section */
		DEF371D8247E0C7300674E2E /* LaunchScreen.storyboard */ = {
			isa = PBXVariantGroup;
			children = (
				DEF371D9247E0C7300674E2E /* Base */,
			);
			name = LaunchScreen.storyboard;
			sourceTree = "<group>";
		};
/* End PBXVariantGroup section */

/* Begin XCBuildConfiguration section */
		DEF371DC247E0C7300674E2E /* Debug */ = {
			isa = XCBuildConfiguration;
			buildSettings = {
				ALWAYS_SEARCH_USER_PATHS = NO;
				CLANG_ANALYZER_NONNULL = YES;
				CLANG_ANALYZER_NUMBER_OBJECT_CONVERSION = YES_AGGRESSIVE;
				CLANG_CXX_LANGUAGE_STANDARD = "gnu++14";
				CLANG_CXX_LIBRARY = "libc++";
				CLANG_ENABLE_MODULES = YES;
				CLANG_ENABLE_OBJC_ARC = YES;
				CLANG_ENABLE_OBJC_WEAK = YES;
				CLANG_WARN_BLOCK_CAPTURE_AUTORELEASING = YES;
				CLANG_WARN_BOOL_CONVERSION = YES;
				CLANG_WARN_COMMA = YES;
				CLANG_WARN_CONSTANT_CONVERSION = YES;
				CLANG_WARN_DEPRECATED_OBJC_IMPLEMENTATIONS = YES;
				CLANG_WARN_DIRECT_OBJC_ISA_USAGE = YES_ERROR;
				CLANG_WARN_DOCUMENTATION_COMMENTS = YES;
				CLANG_WARN_EMPTY_BODY = YES;
				CLANG_WARN_ENUM_CONVERSION = YES;
				CLANG_WARN_INFINITE_RECURSION = YES;
				CLANG_WARN_INT_CONVERSION = YES;
				CLANG_WARN_NON_LITERAL_NULL_CONVERSION = YES;
				CLANG_WARN_OBJC_IMPLICIT_RETAIN_SELF = YES;
				CLANG_WARN_OBJC_LITERAL_CONVERSION = YES;
				CLANG_WARN_OBJC_ROOT_CLASS = YES_ERROR;
				CLANG_WARN_RANGE_LOOP_ANALYSIS = YES;
				CLANG_WARN_STRICT_PROTOTYPES = YES;
				CLANG_WARN_SUSPICIOUS_MOVE = YES;
				CLANG_WARN_UNGUARDED_AVAILABILITY = YES_AGGRESSIVE;
				CLANG_WARN_UNREACHABLE_CODE = YES;
				CLANG_WARN__DUPLICATE_METHOD_MATCH = YES;
				COPY_PHASE_STRIP = NO;
				DEBUG_INFORMATION_FORMAT = dwarf;
				ENABLE_STRICT_OBJC_MSGSEND = YES;
				ENABLE_TESTABILITY = YES;
				GCC_C_LANGUAGE_STANDARD = gnu11;
				GCC_DYNAMIC_NO_PIC = NO;
				GCC_NO_COMMON_BLOCKS = YES;
				GCC_OPTIMIZATION_LEVEL = 0;
				GCC_PREPROCESSOR_DEFINITIONS = (
					"DEBUG=1",
					"$(inherited)",
				);
				GCC_WARN_64_TO_32_BIT_CONVERSION = YES;
				GCC_WARN_ABOUT_RETURN_TYPE = YES_ERROR;
				GCC_WARN_UNDECLARED_SELECTOR = YES;
				GCC_WARN_UNINITIALIZED_AUTOS = YES_AGGRESSIVE;
				GCC_WARN_UNUSED_FUNCTION = YES;
				GCC_WARN_UNUSED_VARIABLE = YES;
				IPHONEOS_DEPLOYMENT_TARGET = 13.4;
				MTL_ENABLE_DEBUG_INFO = INCLUDE_SOURCE;
				MTL_FAST_MATH = YES;
				ONLY_ACTIVE_ARCH = YES;
				SDKROOT = iphoneos;
				SWIFT_ACTIVE_COMPILATION_CONDITIONS = DEBUG;
				SWIFT_OPTIMIZATION_LEVEL = "-Onone";
			};
			name = Debug;
		};
		DEF371DD247E0C7300674E2E /* Release */ = {
			isa = XCBuildConfiguration;
			buildSettings = {
				ALWAYS_SEARCH_USER_PATHS = NO;
				CLANG_ANALYZER_NONNULL = YES;
				CLANG_ANALYZER_NUMBER_OBJECT_CONVERSION = YES_AGGRESSIVE;
				CLANG_CXX_LANGUAGE_STANDARD = "gnu++14";
				CLANG_CXX_LIBRARY = "libc++";
				CLANG_ENABLE_MODULES = YES;
				CLANG_ENABLE_OBJC_ARC = YES;
				CLANG_ENABLE_OBJC_WEAK = YES;
				CLANG_WARN_BLOCK_CAPTURE_AUTORELEASING = YES;
				CLANG_WARN_BOOL_CONVERSION = YES;
				CLANG_WARN_COMMA = YES;
				CLANG_WARN_CONSTANT_CONVERSION = YES;
				CLANG_WARN_DEPRECATED_OBJC_IMPLEMENTATIONS = YES;
				CLANG_WARN_DIRECT_OBJC_ISA_USAGE = YES_ERROR;
				CLANG_WARN_DOCUMENTATION_COMMENTS = YES;
				CLANG_WARN_EMPTY_BODY = YES;
				CLANG_WARN_ENUM_CONVERSION = YES;
				CLANG_WARN_INFINITE_RECURSION = YES;
				CLANG_WARN_INT_CONVERSION = YES;
				CLANG_WARN_NON_LITERAL_NULL_CONVERSION = YES;
				CLANG_WARN_OBJC_IMPLICIT_RETAIN_SELF = YES;
				CLANG_WARN_OBJC_LITERAL_CONVERSION = YES;
				CLANG_WARN_OBJC_ROOT_CLASS = YES_ERROR;
				CLANG_WARN_RANGE_LOOP_ANALYSIS = YES;
				CLANG_WARN_STRICT_PROTOTYPES = YES;
				CLANG_WARN_SUSPICIOUS_MOVE = YES;
				CLANG_WARN_UNGUARDED_AVAILABILITY = YES_AGGRESSIVE;
				CLANG_WARN_UNREACHABLE_CODE = YES;
				CLANG_WARN__DUPLICATE_METHOD_MATCH = YES;
				COPY_PHASE_STRIP = NO;
				DEBUG_INFORMATION_FORMAT = "dwarf-with-dsym";
				ENABLE_NS_ASSERTIONS = NO;
				ENABLE_STRICT_OBJC_MSGSEND = YES;
				GCC_C_LANGUAGE_STANDARD = gnu11;
				GCC_NO_COMMON_BLOCKS = YES;
				GCC_WARN_64_TO_32_BIT_CONVERSION = YES;
				GCC_WARN_ABOUT_RETURN_TYPE = YES_ERROR;
				GCC_WARN_UNDECLARED_SELECTOR = YES;
				GCC_WARN_UNINITIALIZED_AUTOS = YES_AGGRESSIVE;
				GCC_WARN_UNUSED_FUNCTION = YES;
				GCC_WARN_UNUSED_VARIABLE = YES;
				IPHONEOS_DEPLOYMENT_TARGET = 13.4;
				MTL_ENABLE_DEBUG_INFO = NO;
				MTL_FAST_MATH = YES;
				SDKROOT = iphoneos;
				SWIFT_COMPILATION_MODE = wholemodule;
				SWIFT_OPTIMIZATION_LEVEL = "-O";
				VALIDATE_PRODUCT = YES;
			};
			name = Release;
		};
		DEF371DF247E0C7300674E2E /* Debug */ = {
			isa = XCBuildConfiguration;
			buildSettings = {
				ASSETCATALOG_COMPILER_APPICON_NAME = AppIcon;
				CODE_SIGN_STYLE = Automatic;
				DEVELOPMENT_TEAM = J2EB484G7Z;
				INFOPLIST_FILE = MultipleCellTableView/Info.plist;
				LD_RUNPATH_SEARCH_PATHS = (
					"$(inherited)",
					"@executable_path/Frameworks",
				);
				PRODUCT_BUNDLE_IDENTIFIER = br.com.fabriciomasiero.MultipleCellTableView;
				PRODUCT_NAME = "$(TARGET_NAME)";
				SWIFT_VERSION = 5.0;
				TARGETED_DEVICE_FAMILY = "1,2";
			};
			name = Debug;
		};
		DEF371E0247E0C7300674E2E /* Release */ = {
			isa = XCBuildConfiguration;
			buildSettings = {
				ASSETCATALOG_COMPILER_APPICON_NAME = AppIcon;
				CODE_SIGN_STYLE = Automatic;
				DEVELOPMENT_TEAM = J2EB484G7Z;
				INFOPLIST_FILE = MultipleCellTableView/Info.plist;
				LD_RUNPATH_SEARCH_PATHS = (
					"$(inherited)",
					"@executable_path/Frameworks",
				);
				PRODUCT_BUNDLE_IDENTIFIER = br.com.fabriciomasiero.MultipleCellTableView;
				PRODUCT_NAME = "$(TARGET_NAME)";
				SWIFT_VERSION = 5.0;
				TARGETED_DEVICE_FAMILY = "1,2";
			};
			name = Release;
		};
/* End XCBuildConfiguration section */

/* Begin XCConfigurationList section */
		DEF371C5247E0C7000674E2E /* Build configuration list for PBXProject "MultipleCellTableView" */ = {
			isa = XCConfigurationList;
			buildConfigurations = (
				DEF371DC247E0C7300674E2E /* Debug */,
				DEF371DD247E0C7300674E2E /* Release */,
			);
			defaultConfigurationIsVisible = 0;
			defaultConfigurationName = Release;
		};
		DEF371DE247E0C7300674E2E /* Build configuration list for PBXNativeTarget "MultipleCellTableView" */ = {
			isa = XCConfigurationList;
			buildConfigurations = (
				DEF371DF247E0C7300674E2E /* Debug */,
				DEF371E0247E0C7300674E2E /* Release */,
			);
			defaultConfigurationIsVisible = 0;
			defaultConfigurationName = Release;
		};
/* End XCConfigurationList section */
	};
	rootObject = DEF371C2247E0C7000674E2E /* Project object */;
}
